
Microsoft Visual Studio Solution File, Format Version 12.00
# Visual Studio Version 17
VisualStudioVersion = 17.3.32922.545
MinimumVisualStudioVersion = 10.0.40219.1
Project("{FAE04EC0-301F-11D3-BF4B-00C04F79EFBC}") = "SendMail", "SendMail\SendMail.csproj", "{92D8C1A9-D6A3-455D-B34B-F24A42B8BF53}"
EndProject
Global
	GlobalSection(SolutionConfigurationPlatforms) = preSolution
		Debug|Any CPU = Debug|Any CPU
		Release|Any CPU = Release|Any CPU
	EndGlobalSection
	GlobalSection(ProjectConfigurationPlatforms) = postSolution
		{92D8C1A9-D6A3-455D-B34B-F24A42B8BF53}.Debug|Any CPU.ActiveCfg = Debug|Any CPU
		{92D8C1A9-D6A3-455D-B34B-F24A42B8BF53}.Debug|Any CPU.Build.0 = Debug|Any CPU
		{92D8C1A9-D6A3-455D-B34B-F24A42B8BF53}.Release|Any CPU.ActiveCfg = Release|Any CPU
		{92D8C1A9-D6A3-455D-B34B-F24A42B8BF53}.Release|Any CPU.Build.0 = Release|Any CPU
	EndGlobalSection
	GlobalSection(SolutionProperties) = preSolution
		HideSolutionNode = FALSE
	EndGlobalSection
	GlobalSection(ExtensibilityGlobals) = postSolution
		SolutionGuid = {1E6E7B6A-54C4-49F4-A6AA-37037D0E7DE0}
	EndGlobalSection
EndGlobal
